speakeasyVersion: 1.796.4
sources:
    flypix-api:
        sourceNamespace: flypix-api
        sourceRevisionDigest: sha256:193a10edd9996e6763c36eeec7ece8dc72b8fb9c6f7db12396f822d122f4ec74
        sourceBlobDigest: sha256:55926508d3dd35f5b048f87d9b49099e68b1f3f87f7fcfba2b2178df2a82e705
        tags:
            - latest
            - 2.0.1
targets:
    flypix-python:
        source: flypix-api
        sourceNamespace: flypix-api
        sourceRevisionDigest: sha256:193a10edd9996e6763c36eeec7ece8dc72b8fb9c6f7db12396f822d122f4ec74
        sourceBlobDigest: sha256:55926508d3dd35f5b048f87d9b49099e68b1f3f87f7fcfba2b2178df2a82e705
        codeSamplesNamespace: flypix-api-python-code-samples
        codeSamplesRevisionDigest: sha256:b7d12a099ca5e9de638db73d6bc10fc509561af7e5c8c062566db1c69719c180
workflow:
    workflowVersion: 1.0.0
    speakeasyVersion: latest
    sources:
        flypix-api:
            inputs:
                - location: https://api.flypix.ai/openapi.json
            overlays:
                - location: ./openapi/overlay.yaml
            output: ./openapi/flypix.openapi.yaml
            registry:
                location: registry.speakeasyapi.dev/flypix/public-api/flypix-api
    targets:
        flypix-python:
            target: python
            source: flypix-api
            publish:
                pypi:
                    token: $pypi_token
            codeSamples:
                registry:
                    location: registry.speakeasyapi.dev/flypix/public-api/flypix-api-python-code-samples
                labelOverride:
                    fixedValue: Python (SDK)
                blocking: false
