speakeasyVersion: 1.800.1
sources:
    flypix-api:
        sourceNamespace: flypix-api
        sourceRevisionDigest: sha256:ca4e8c304b45365128068ea77f0485599585050c4db476a6575eea006305de9e
        sourceBlobDigest: sha256:ec48e053fd9d916a2a754175b2ad00596508ed4887f7044c21cb09c9e6db76f9
        tags:
            - latest
            - 100.3.0
targets:
    flypix-python:
        source: flypix-api
        sourceNamespace: flypix-api
        sourceRevisionDigest: sha256:ca4e8c304b45365128068ea77f0485599585050c4db476a6575eea006305de9e
        sourceBlobDigest: sha256:ec48e053fd9d916a2a754175b2ad00596508ed4887f7044c21cb09c9e6db76f9
        codeSamplesNamespace: flypix-api-python-code-samples
        codeSamplesRevisionDigest: sha256:aec89ddc8674662b1fbecd3bb467549e7a768414db4378392eca06043793d45a
workflow:
    workflowVersion: 1.0.0
    speakeasyVersion: latest
    sources:
        flypix-api:
            inputs:
                - location: https://api.flypix.ai/openapi.json
            overlays:
                - location: ./openapi/overlay.yaml
            output: ./openapi/flypix.openapi.yaml
            registry:
                location: registry.speakeasyapi.dev/flypix/public-api/flypix-api
    targets:
        flypix-python:
            target: python
            source: flypix-api
            publish:
                pypi:
                    token: $pypi_token
            codeSamples:
                registry:
                    location: registry.speakeasyapi.dev/flypix/public-api/flypix-api-python-code-samples
                labelOverride:
                    fixedValue: Python (SDK)
                blocking: false
